
Microsoft Visual Studio Solution File, Format Version 12.00
# Visual Studio 2012
Project("{FAE04EC0-301F-11D3-BF4B-00C04F79EFBC}") = "FluentRegex", "FluentRegex\FluentRegex.csproj", "{641CAB36-D1EA-4BED-8ED4-409E3005E0C6}"
EndProject
Project("{FAE04EC0-301F-11D3-BF4B-00C04F79EFBC}") = "FluentRegex.Tests", "FluentRegex.Tests\FluentRegex.Tests.csproj", "{E16A6923-F11E-412D-AA74-C8B725BFBC08}"
EndProject
Global
	GlobalSection(SolutionConfigurationPlatforms) = preSolution
		Debug|Any CPU = Debug|Any CPU
		Release|Any CPU = Release|Any CPU
	EndGlobalSection
	GlobalSection(ProjectConfigurationPlatforms) = postSolution
		{641CAB36-D1EA-4BED-8ED4-409E3005E0C6}.Debug|Any CPU.ActiveCfg = Debug|Any CPU
		{641CAB36-D1EA-4BED-8ED4-409E3005E0C6}.Debug|Any CPU.Build.0 = Debug|Any CPU
		{641CAB36-D1EA-4BED-8ED4-409E3005E0C6}.Release|Any CPU.ActiveCfg = Release|Any CPU
		{641CAB36-D1EA-4BED-8ED4-409E3005E0C6}.Release|Any CPU.Build.0 = Release|Any CPU
		{E16A6923-F11E-412D-AA74-C8B725BFBC08}.Debug|Any CPU.ActiveCfg = Debug|Any CPU
		{E16A6923-F11E-412D-AA74-C8B725BFBC08}.Debug|Any CPU.Build.0 = Debug|Any CPU
		{E16A6923-F11E-412D-AA74-C8B725BFBC08}.Release|Any CPU.ActiveCfg = Release|Any CPU
		{E16A6923-F11E-412D-AA74-C8B725BFBC08}.Release|Any CPU.Build.0 = Release|Any CPU
	EndGlobalSection
	GlobalSection(SolutionProperties) = preSolution
		HideSolutionNode = FALSE
	EndGlobalSection
EndGlobal
