
Microsoft Visual Studio Solution File, Format Version 12.00
# Visual Studio Version 17
VisualStudioVersion = 17.4.33103.184
MinimumVisualStudioVersion = 10.0.40219.1
Project("{9A19103F-16F7-4668-BE54-9A1E7A4F7556}") = "FluentRegex", "FluentRegex\FluentRegex.csproj", "{1428EAC7-E40D-4D77-8601-0262AA599B3D}"
EndProject
Project("{9A19103F-16F7-4668-BE54-9A1E7A4F7556}") = "FluentRegex.Tests", "FluentRegex.Tests\FluentRegex.Tests.csproj", "{C020D1A0-30FD-4EC1-940F-3965D2F47F71}"
EndProject
Global
	GlobalSection(SolutionConfigurationPlatforms) = preSolution
		Debug|Any CPU = Debug|Any CPU
		Release|Any CPU = Release|Any CPU
	EndGlobalSection
	GlobalSection(ProjectConfigurationPlatforms) = postSolution
		{1428EAC7-E40D-4D77-8601-0262AA599B3D}.Debug|Any CPU.ActiveCfg = Debug|Any CPU
		{1428EAC7-E40D-4D77-8601-0262AA599B3D}.Debug|Any CPU.Build.0 = Debug|Any CPU
		{1428EAC7-E40D-4D77-8601-0262AA599B3D}.Release|Any CPU.ActiveCfg = Release|Any CPU
		{1428EAC7-E40D-4D77-8601-0262AA599B3D}.Release|Any CPU.Build.0 = Release|Any CPU
		{C020D1A0-30FD-4EC1-940F-3965D2F47F71}.Debug|Any CPU.ActiveCfg = Debug|Any CPU
		{C020D1A0-30FD-4EC1-940F-3965D2F47F71}.Debug|Any CPU.Build.0 = Debug|Any CPU
		{C020D1A0-30FD-4EC1-940F-3965D2F47F71}.Release|Any CPU.ActiveCfg = Release|Any CPU
		{C020D1A0-30FD-4EC1-940F-3965D2F47F71}.Release|Any CPU.Build.0 = Release|Any CPU
	EndGlobalSection
	GlobalSection(SolutionProperties) = preSolution
		HideSolutionNode = FALSE
	EndGlobalSection
	GlobalSection(ExtensibilityGlobals) = postSolution
		SolutionGuid = {E15DC4BF-FC18-4A28-A49C-4C6DC79896FC}
	EndGlobalSection
EndGlobal
